Microsoft Visual Studio Solution File, Format Version 12.00
# Visual Studio Version 17
VisualStudioVersion = 17.0.31912.202
MinimumVisualStudioVersion = 10.0.40219.1
Project("{E53D8E8A-9B3D-4B3D-8B5A-8C5B5D5B5D5B}") = "wepad", "wepad\wepad.csproj", "{A1B2C3D4-E5F6-7A8B-9A0B-C1D2E3F4G5H6}"
EndProject
Global
    GlobalSection(SolutionConfigurationPlatforms) = preSolution
        Debug|Any CPU = Debug|Any CPU
        Release|Any CPU = Release|Any CPU
    EndGlobalSection
    GlobalSection(ProjectConfigurationPlatforms) = postSolution
        {A1B2C3D4-E5F6-7A8B-9A0B-C1D2E3F4G5H6}.Debug|Any CPU.ActiveCfg = Debug|Any CPU
        {A1B2C3D4-E5F6-7A8B-9A0B-C1D2E3F4G5H6}.Debug|Any CPU.Build.0 = Debug|Any CPU
        {A1B2C3D4-E5F6-7A8B-9A0B-C1D2E3F4G5H6}.Release|Any CPU.ActiveCfg = Release|Any CPU
        {A1B2C3D4-E5F6-7A8B-9A0B-C1D2E3F4G5H6}.Release|Any CPU.Build.0 = Release|Any CPU
    EndGlobalSection
EndGlobal